// !$*UTF8*$!
{
	archiveVersion = 1;
	classes = {
	};
	objectVersion = 48;
	objects = {

/* Begin PBXBuildFile section */
		8B33BD191FAEFE81002046F2 /* AppDelegate.swift in Sources */ = {isa = PBXBuildFile; fileRef = 8B33BD181FAEFE81002046F2 /* AppDelegate.swift */; };
		8B33BD1B1FAEFE81002046F2 /* ViewController.swift in Sources */ = {isa = PBXBuildFile; fileRef = 8B33BD1A1FAEFE81002046F2 /* ViewController.swift */; };
		8B33BD1E1FAEFE81002046F2 /* Main.storyboard in Resources */ = {isa = PBXBuildFile; fileRef = 8B33BD1C1FAEFE81002046F2 /* Main.storyboard */; };
		8B33BD201FAEFE81002046F2 /* Assets.xcassets in Resources */ = {isa = PBXBuildFile; fileRef = 8B33BD1F1FAEFE81002046F2 /* Assets.xcassets */; };
		8B33BD231FAEFE81002046F2 /* LaunchScreen.storyboard in Resources */ = {isa = PBXBuildFile; fileRef = 8B33BD211FAEFE81002046F2 /* LaunchScreen.storyboard */; };
		8B33BD2E1FAEFE81002046F2 /* VPCollectionViewLayoutExampleTests.swift in Sources */ = {isa = PBXBuildFile; fileRef = 8B33BD2D1FAEFE81002046F2 /* VPCollectionViewLayoutExampleTests.swift */; };
		8B33BD391FAEFE81002046F2 /* VPCollectionViewLayoutExampleUITests.swift in Sources */ = {isa = PBXBuildFile; fileRef = 8B33BD381FAEFE81002046F2 /* VPCollectionViewLayoutExampleUITests.swift */; };
		8B33BD481FAEFF10002046F2 /* VPCollectionViewLayout.swift in Sources */ = {isa = PBXBuildFile; fileRef = 8B33BD471FAEFF10002046F2 /* VPCollectionViewLayout.swift */; };
		8B33BD4B1FAF01A1002046F2 /* SampleCollectionViewCell.swift in Sources */ = {isa = PBXBuildFile; fileRef = 8B33BD491FAF01A1002046F2 /* SampleCollectionViewCell.swift */; };
		8B33BD4C1FAF01A1002046F2 /* SampleCollectionViewCell.xib in Resources */ = {isa = PBXBuildFile; fileRef = 8B33BD4A1FAF01A1002046F2 /* SampleCollectionViewCell.xib */; };
/* End PBXBuildFile section */

/* Begin PBXContainerItemProxy section */
		8B33BD2A1FAEFE81002046F2 /* PBXContainerItemProxy */ = {
			isa = PBXContainerItemProxy;
			containerPortal = 8B33BD0D1FAEFE81002046F2 /* Project object */;
			proxyType = 1;
			remoteGlobalIDString = 8B33BD141FAEFE81002046F2;
			remoteInfo = VPCollectionViewLayoutExample;
		};
		8B33BD351FAEFE81002046F2 /* PBXContainerItemProxy */ = {
			isa = PBXContainerItemProxy;
			containerPortal = 8B33BD0D1FAEFE81002046F2 /* Project object */;
			proxyType = 1;
			remoteGlobalIDString = 8B33BD141FAEFE81002046F2;
			remoteInfo = VPCollectionViewLayoutExample;
		};
/* End PBXContainerItemProxy section */

/* Begin PBXFileReference section */
		8B33BD151FAEFE81002046F2 /* VPCollectionViewLayoutExample.app */ = {isa = PBXFileReference; explicitFileType = wrapper.application; includeInIndex = 0; path = VPCollectionViewLayoutExample.app; sourceTree = BUILT_PRODUCTS_DIR; };
		8B33BD181FAEFE81002046F2 /* AppDelegate.swift */ = {isa = PBXFileReference; lastKnownFileType = sourcecode.swift; path = AppDelegate.swift; sourceTree = "<group>"; };
		8B33BD1A1FAEFE81002046F2 /* ViewController.swift */ = {isa = PBXFileReference; lastKnownFileType = sourcecode.swift; path = ViewController.swift; sourceTree = "<group>"; };
		8B33BD1D1FAEFE81002046F2 /* Base */ = {isa = PBXFileReference; lastKnownFileType = file.storyboard; name = Base; path = Base.lproj/Main.storyboard; sourceTree = "<group>"; };
		8B33BD1F1FAEFE81002046F2 /* Assets.xcassets */ = {isa = PBXFileReference; lastKnownFileType = folder.assetcatalog; path = Assets.xcassets; sourceTree = "<group>"; };
		8B33BD221FAEFE81002046F2 /* Base */ = {isa = PBXFileReference; lastKnownFileType = file.storyboard; name = Base; path = Base.lproj/LaunchScreen.storyboard; sourceTree = "<group>"; };
		8B33BD241FAEFE81002046F2 /* Info.plist */ = {isa = PBXFileReference; lastKnownFileType = text.plist.xml; path = Info.plist; sourceTree = "<group>"; };
		8B33BD291FAEFE81002046F2 /* VPCollectionViewLayoutExampleTests.xctest */ = {isa = PBXFileReference; explicitFileType = wrapper.cfbundle; includeInIndex = 0; path = VPCollectionViewLayoutExampleTests.xctest; sourceTree = BUILT_PRODUCTS_DIR; };
		8B33BD2D1FAEFE81002046F2 /* VPCollectionViewLayoutExampleTests.swift */ = {isa = PBXFileReference; lastKnownFileType = sourcecode.swift; path = VPCollectionViewLayoutExampleTests.swift; sourceTree = "<group>"; };
		8B33BD2F1FAEFE81002046F2 /* Info.plist */ = {isa = PBXFileReference; lastKnownFileType = text.plist.xml; path = Info.plist; sourceTree = "<group>"; };
		8B33BD341FAEFE81002046F2 /* VPCollectionViewLayoutExampleUITests.xctest */ = {isa = PBXFileReference; explicitFileType = wrapper.cfbundle; includeInIndex = 0; path = VPCollectionViewLayoutExampleUITests.xctest; sourceTree = BUILT_PRODUCTS_DIR; };
		8B33BD381FAEFE81002046F2 /* VPCollectionViewLayoutExampleUITests.swift */ = {isa = PBXFileReference; lastKnownFileType = sourcecode.swift; path = VPCollectionViewLayoutExampleUITests.swift; sourceTree = "<group>"; };
		8B33BD3A1FAEFE81002046F2 /* Info.plist */ = {isa = PBXFileReference; lastKnownFileType = text.plist.xml; path = Info.plist; sourceTree = "<group>"; };
		8B33BD471FAEFF10002046F2 /* VPCollectionViewLayout.swift */ = {isa = PBXFileReference; lastKnownFileType = sourcecode.swift; path = VPCollectionViewLayout.swift; sourceTree = "<group>"; };
		8B33BD491FAF01A1002046F2 /* SampleCollectionViewCell.swift */ = {isa = PBXFileReference; lastKnownFileType = sourcecode.swift; path = SampleCollectionViewCell.swift; sourceTree = "<group>"; };
		8B33BD4A1FAF01A1002046F2 /* SampleCollectionViewCell.xib */ = {isa = PBXFileReference; lastKnownFileType = file.xib; path = SampleCollectionViewCell.xib; sourceTree = "<group>"; };
/* End PBXFileReference section */

/* Begin PBXFrameworksBuildPhase section */
		8B33BD121FAEFE81002046F2 /* Frameworks */ = {
			isa = PBXFrameworksBuildPhase;
			buildActionMask = 2147483647;
			files = (
			);
			runOnlyForDeploymentPostprocessing = 0;
		};
		8B33BD261FAEFE81002046F2 /* Frameworks */ = {
			isa = PBXFrameworksBuildPhase;
			buildActionMask = 2147483647;
			files = (
			);
			runOnlyForDeploymentPostprocessing = 0;
		};
		8B33BD311FAEFE81002046F2 /* Frameworks */ = {
			isa = PBXFrameworksBuildPhase;
			buildActionMask = 2147483647;
			files = (
			);
			runOnlyForDeploymentPostprocessing = 0;
		};
/* End PBXFrameworksBuildPhase section */

/* Begin PBXGroup section */
		8B33BD0C1FAEFE81002046F2 = {
			isa = PBXGroup;
			children = (
				8B33BD171FAEFE81002046F2 /* VPCollectionViewLayoutExample */,
				8B33BD2C1FAEFE81002046F2 /* VPCollectionViewLayoutExampleTests */,
				8B33BD371FAEFE81002046F2 /* VPCollectionViewLayoutExampleUITests */,
				8B33BD161FAEFE81002046F2 /* Products */,
			);
			sourceTree = "<group>";
		};
		8B33BD161FAEFE81002046F2 /* Products */ = {
			isa = PBXGroup;
			children = (
				8B33BD151FAEFE81002046F2 /* VPCollectionViewLayoutExample.app */,
				8B33BD291FAEFE81002046F2 /* VPCollectionViewLayoutExampleTests.xctest */,
				8B33BD341FAEFE81002046F2 /* VPCollectionViewLayoutExampleUITests.xctest */,
			);
			name = Products;
			sourceTree = "<group>";
		};
		8B33BD171FAEFE81002046F2 /* VPCollectionViewLayoutExample */ = {
			isa = PBXGroup;
			children = (
				8B33BD181FAEFE81002046F2 /* AppDelegate.swift */,
				8B33BD461FAEFEE8002046F2 /* VPCollectionViewLayout */,
				8B33BD1A1FAEFE81002046F2 /* ViewController.swift */,
				8B33BD491FAF01A1002046F2 /* SampleCollectionViewCell.swift */,
				8B33BD4A1FAF01A1002046F2 /* SampleCollectionViewCell.xib */,
				8B33BD1C1FAEFE81002046F2 /* Main.storyboard */,
				8B33BD1F1FAEFE81002046F2 /* Assets.xcassets */,
				8B33BD211FAEFE81002046F2 /* LaunchScreen.storyboard */,
				8B33BD241FAEFE81002046F2 /* Info.plist */,
			);
			path = VPCollectionViewLayoutExample;
			sourceTree = "<group>";
		};
		8B33BD2C1FAEFE81002046F2 /* VPCollectionViewLayoutExampleTests */ = {
			isa = PBXGroup;
			children = (
				8B33BD2D1FAEFE81002046F2 /* VPCollectionViewLayoutExampleTests.swift */,
				8B33BD2F1FAEFE81002046F2 /* Info.plist */,
			);
			path = VPCollectionViewLayoutExampleTests;
			sourceTree = "<group>";
		};
		8B33BD371FAEFE81002046F2 /* VPCollectionViewLayoutExampleUITests */ = {
			isa = PBXGroup;
			children = (
				8B33BD381FAEFE81002046F2 /* VPCollectionViewLayoutExampleUITests.swift */,
				8B33BD3A1FAEFE81002046F2 /* Info.plist */,
			);
			path = VPCollectionViewLayoutExampleUITests;
			sourceTree = "<group>";
		};
		8B33BD461FAEFEE8002046F2 /* VPCollectionViewLayout */ = {
			isa = PBXGroup;
			children = (
				8B33BD471FAEFF10002046F2 /* VPCollectionViewLayout.swift */,
			);
			name = VPCollectionViewLayout;
			path = ../../VPCollectionViewLayout;
			sourceTree = "<group>";
		};
/* End PBXGroup section */

/* Begin PBXNativeTarget section */
		8B33BD141FAEFE81002046F2 /* VPCollectionViewLayoutExample */ = {
			isa = PBXNativeTarget;
			buildConfigurationList = 8B33BD3D1FAEFE81002046F2 /* Build configuration list for PBXNativeTarget "VPCollectionViewLayoutExample" */;
			buildPhases = (
				8B33BD111FAEFE81002046F2 /* Sources */,
				8B33BD121FAEFE81002046F2 /* Frameworks */,
				8B33BD131FAEFE81002046F2 /* Resources */,
			);
			buildRules = (
			);
			dependencies = (
			);
			name = VPCollectionViewLayoutExample;
			productName = VPCollectionViewLayoutExample;
			productReference = 8B33BD151FAEFE81002046F2 /* VPCollectionViewLayoutExample.app */;
			productType = "com.apple.product-type.application";
		};
		8B33BD281FAEFE81002046F2 /* VPCollectionViewLayoutExampleTests */ = {
			isa = PBXNativeTarget;
			buildConfigurationList = 8B33BD401FAEFE81002046F2 /* Build configuration list for PBXNativeTarget "VPCollectionViewLayoutExampleTests" */;
			buildPhases = (
				8B33BD251FAEFE81002046F2 /* Sources */,
				8B33BD261FAEFE81002046F2 /* Frameworks */,
				8B33BD271FAEFE81002046F2 /* Resources */,
			);
			buildRules = (
			);
			dependencies = (
				8B33BD2B1FAEFE81002046F2 /* PBXTargetDependency */,
			);
			name = VPCollectionViewLayoutExampleTests;
			productName = VPCollectionViewLayoutExampleTests;
			productReference = 8B33BD291FAEFE81002046F2 /* VPCollectionViewLayoutExampleTests.xctest */;
			productType = "com.apple.product-type.bundle.unit-test";
		};
		8B33BD331FAEFE81002046F2 /* VPCollectionViewLayoutExampleUITests */ = {
			isa = PBXNativeTarget;
			buildConfigurationList = 8B33BD431FAEFE81002046F2 /* Build configuration list for PBXNativeTarget "VPCollectionViewLayoutExampleUITests" */;
			buildPhases = (
				8B33BD301FAEFE81002046F2 /* Sources */,
				8B33BD311FAEFE81002046F2 /* Frameworks */,
				8B33BD321FAEFE81002046F2 /* Resources */,
			);
			buildRules = (
			);
			dependencies = (
				8B33BD361FAEFE81002046F2 /* PBXTargetDependency */,
			);
			name = VPCollectionViewLayoutExampleUITests;
			productName = VPCollectionViewLayoutExampleUITests;
			productReference = 8B33BD341FAEFE81002046F2 /* VPCollectionViewLayoutExampleUITests.xctest */;
			productType = "com.apple.product-type.bundle.ui-testing";
		};
/* End PBXNativeTarget section */

/* Begin PBXProject section */
		8B33BD0D1FAEFE81002046F2 /* Project object */ = {
			isa = PBXProject;
			attributes = {
				LastSwiftUpdateCheck = 0900;
				LastUpgradeCheck = 0900;
				ORGANIZATIONNAME = "Varun P M";
				TargetAttributes = {
					8B33BD141FAEFE81002046F2 = {
						CreatedOnToolsVersion = 9.0;
						ProvisioningStyle = Automatic;
					};
					8B33BD281FAEFE81002046F2 = {
						CreatedOnToolsVersion = 9.0;
						ProvisioningStyle = Automatic;
						TestTargetID = 8B33BD141FAEFE81002046F2;
					};
					8B33BD331FAEFE81002046F2 = {
						CreatedOnToolsVersion = 9.0;
						ProvisioningStyle = Automatic;
						TestTargetID = 8B33BD141FAEFE81002046F2;
					};
				};
			};
			buildConfigurationList = 8B33BD101FAEFE81002046F2 /* Build configuration list for PBXProject "VPCollectionViewLayoutExample" */;
			compatibilityVersion = "Xcode 8.0";
			developmentRegion = en;
			hasScannedForEncodings = 0;
			knownRegions = (
				en,
				Base,
			);
			mainGroup = 8B33BD0C1FAEFE81002046F2;
			productRefGroup = 8B33BD161FAEFE81002046F2 /* Products */;
			projectDirPath = "";
			projectRoot = "";
			targets = (
				8B33BD141FAEFE81002046F2 /* VPCollectionViewLayoutExample */,
				8B33BD281FAEFE81002046F2 /* VPCollectionViewLayoutExampleTests */,
				8B33BD331FAEFE81002046F2 /* VPCollectionViewLayoutExampleUITests */,
			);
		};
/* End PBXProject section */

/* Begin PBXResourcesBuildPhase section */
		8B33BD131FAEFE81002046F2 /* Resources */ = {
			isa = PBXResourcesBuildPhase;
			buildActionMask = 2147483647;
			files = (
				8B33BD231FAEFE81002046F2 /* LaunchScreen.storyboard in Resources */,
				8B33BD201FAEFE81002046F2 /* Assets.xcassets in Resources */,
				8B33BD4C1FAF01A1002046F2 /* SampleCollectionViewCell.xib in Resources */,
				8B33BD1E1FAEFE81002046F2 /* Main.storyboard in Resources */,
			);
			runOnlyForDeploymentPostprocessing = 0;
		};
		8B33BD271FAEFE81002046F2 /* Resources */ = {
			isa = PBXResourcesBuildPhase;
			buildActionMask = 2147483647;
			files = (
			);
			runOnlyForDeploymentPostprocessing = 0;
		};
		8B33BD321FAEFE81002046F2 /* Resources */ = {
			isa = PBXResourcesBuildPhase;
			buildActionMask = 2147483647;
			files = (
			);
			runOnlyForDeploymentPostprocessing = 0;
		};
/* End PBXResourcesBuildPhase section */

/* Begin PBXSourcesBuildPhase section */
		8B33BD111FAEFE81002046F2 /* Sources */ = {
			isa = PBXSourcesBuildPhase;
			buildActionMask = 2147483647;
			files = (
				8B33BD1B1FAEFE81002046F2 /* ViewController.swift in Sources */,
				8B33BD481FAEFF10002046F2 /* VPCollectionViewLayout.swift in Sources */,
				8B33BD4B1FAF01A1002046F2 /* SampleCollectionViewCell.swift in Sources */,
				8B33BD191FAEFE81002046F2 /* AppDelegate.swift in Sources */,
			);
			runOnlyForDeploymentPostprocessing = 0;
		};
		8B33BD251FAEFE81002046F2 /* Sources */ = {
			isa = PBXSourcesBuildPhase;
			buildActionMask = 2147483647;
			files = (
				8B33BD2E1FAEFE81002046F2 /* VPCollectionViewLayoutExampleTests.swift in Sources */,
			);
			runOnlyForDeploymentPostprocessing = 0;
		};
		8B33BD301FAEFE81002046F2 /* Sources */ = {
			isa = PBXSourcesBuildPhase;
			buildActionMask = 2147483647;
			files = (
				8B33BD391FAEFE81002046F2 /* VPCollectionViewLayoutExampleUITests.swift in Sources */,
			);
			runOnlyForDeploymentPostprocessing = 0;
		};
/* End PBXSourcesBuildPhase section */

/* Begin PBXTargetDependency section */
		8B33BD2B1FAEFE81002046F2 /* PBXTargetDependency */ = {
			isa = PBXTargetDependency;
			target = 8B33BD141FAEFE81002046F2 /* VPCollectionViewLayoutExample */;
			targetProxy = 8B33BD2A1FAEFE81002046F2 /* PBXContainerItemProxy */;
		};
		8B33BD361FAEFE81002046F2 /* PBXTargetDependency */ = {
			isa = PBXTargetDependency;
			target = 8B33BD141FAEFE81002046F2 /* VPCollectionViewLayoutExample */;
			targetProxy = 8B33BD351FAEFE81002046F2 /* PBXContainerItemProxy */;
		};
/* End PBXTargetDependency section */

/* Begin PBXVariantGroup section */
		8B33BD1C1FAEFE81002046F2 /* Main.storyboard */ = {
			isa = PBXVariantGroup;
			children = (
				8B33BD1D1FAEFE81002046F2 /* Base */,
			);
			name = Main.storyboard;
			sourceTree = "<group>";
		};
		8B33BD211FAEFE81002046F2 /* LaunchScreen.storyboard */ = {
			isa = PBXVariantGroup;
			children = (
				8B33BD221FAEFE81002046F2 /* Base */,
			);
			name = LaunchScreen.storyboard;
			sourceTree = "<group>";
		};
/* End PBXVariantGroup section */

/* Begin XCBuildConfiguration section */
		8B33BD3B1FAEFE81002046F2 /* Debug */ = {
			isa = XCBuildConfiguration;
			buildSettings = {
				ALWAYS_SEARCH_USER_PATHS = NO;
				CLANG_ANALYZER_NONNULL = YES;
				CLANG_ANALYZER_NUMBER_OBJECT_CONVERSION = YES_AGGRESSIVE;
				CLANG_CXX_LANGUAGE_STANDARD = "gnu++14";
				CLANG_CXX_LIBRARY = "libc++";
				CLANG_ENABLE_MODULES = YES;
				CLANG_ENABLE_OBJC_ARC = YES;
				CLANG_WARN_BLOCK_CAPTURE_AUTORELEASING = YES;
				CLANG_WARN_BOOL_CONVERSION = YES;
				CLANG_WARN_COMMA = YES;
				CLANG_WARN_CONSTANT_CONVERSION = YES;
				CLANG_WARN_DIRECT_OBJC_ISA_USAGE = YES_ERROR;
				CLANG_WARN_DOCUMENTATION_COMMENTS = YES;
				CLANG_WARN_EMPTY_BODY = YES;
				CLANG_WARN_ENUM_CONVERSION = YES;
				CLANG_WARN_INFINITE_RECURSION = YES;
				CLANG_WARN_INT_CONVERSION = YES;
				CLANG_WARN_NON_LITERAL_NULL_CONVERSION = YES;
				CLANG_WARN_OBJC_LITERAL_CONVERSION = YES;
				CLANG_WARN_OBJC_ROOT_CLASS = YES_ERROR;
				CLANG_WARN_RANGE_LOOP_ANALYSIS = YES;
				CLANG_WARN_STRICT_PROTOTYPES = YES;
				CLANG_WARN_SUSPICIOUS_MOVE = YES;
				CLANG_WARN_UNGUARDED_AVAILABILITY = YES_AGGRESSIVE;
				CLANG_WARN_UNREACHABLE_CODE = YES;
				CLANG_WARN__DUPLICATE_METHOD_MATCH = YES;
				CODE_SIGN_IDENTITY = "iPhone Developer";
				COPY_PHASE_STRIP = NO;
				DEBUG_INFORMATION_FORMAT = dwarf;
				ENABLE_STRICT_OBJC_MSGSEND = YES;
				ENABLE_TESTABILITY = YES;
				GCC_C_LANGUAGE_STANDARD = gnu11;
				GCC_DYNAMIC_NO_PIC = NO;
				GCC_NO_COMMON_BLOCKS = YES;
				GCC_OPTIMIZATION_LEVEL = 0;
				GCC_PREPROCESSOR_DEFINITIONS = (
					"DEBUG=1",
					"$(inherited)",
				);
				GCC_WARN_64_TO_32_BIT_CONVERSION = YES;
				GCC_WARN_ABOUT_RETURN_TYPE = YES_ERROR;
				GCC_WARN_UNDECLARED_SELECTOR = YES;
				GCC_WARN_UNINITIALIZED_AUTOS = YES_AGGRESSIVE;
				GCC_WARN_UNUSED_FUNCTION = YES;
				GCC_WARN_UNUSED_VARIABLE = YES;
				IPHONEOS_DEPLOYMENT_TARGET = 11.0;
				MTL_ENABLE_DEBUG_INFO = YES;
				ONLY_ACTIVE_ARCH = YES;
				SDKROOT = iphoneos;
				SWIFT_ACTIVE_COMPILATION_CONDITIONS = DEBUG;
				SWIFT_OPTIMIZATION_LEVEL = "-Onone";
			};
			name = Debug;
		};
		8B33BD3C1FAEFE81002046F2 /* Release */ = {
			isa = XCBuildConfiguration;
			buildSettings = {
				ALWAYS_SEARCH_USER_PATHS = NO;
				CLANG_ANALYZER_NONNULL = YES;
				CLANG_ANALYZER_NUMBER_OBJECT_CONVERSION = YES_AGGRESSIVE;
				CLANG_CXX_LANGUAGE_STANDARD = "gnu++14";
				CLANG_CXX_LIBRARY = "libc++";
				CLANG_ENABLE_MODULES = YES;
				CLANG_ENABLE_OBJC_ARC = YES;
				CLANG_WARN_BLOCK_CAPTURE_AUTORELEASING = YES;
				CLANG_WARN_BOOL_CONVERSION = YES;
				CLANG_WARN_COMMA = YES;
				CLANG_WARN_CONSTANT_CONVERSION = YES;
				CLANG_WARN_DIRECT_OBJC_ISA_USAGE = YES_ERROR;
				CLANG_WARN_DOCUMENTATION_COMMENTS = YES;
				CLANG_WARN_EMPTY_BODY = YES;
				CLANG_WARN_ENUM_CONVERSION = YES;
				CLANG_WARN_INFINITE_RECURSION = YES;
				CLANG_WARN_INT_CONVERSION = YES;
				CLANG_WARN_NON_LITERAL_NULL_CONVERSION = YES;
				CLANG_WARN_OBJC_LITERAL_CONVERSION = YES;
				CLANG_WARN_OBJC_ROOT_CLASS = YES_ERROR;
				CLANG_WARN_RANGE_LOOP_ANALYSIS = YES;
				CLANG_WARN_STRICT_PROTOTYPES = YES;
				CLANG_WARN_SUSPICIOUS_MOVE = YES;
				CLANG_WARN_UNGUARDED_AVAILABILITY = YES_AGGRESSIVE;
				CLANG_WARN_UNREACHABLE_CODE = YES;
				CLANG_WARN__DUPLICATE_METHOD_MATCH = YES;
				CODE_SIGN_IDENTITY = "iPhone Developer";
				COPY_PHASE_STRIP = NO;
				DEBUG_INFORMATION_FORMAT = "dwarf-with-dsym";
				ENABLE_NS_ASSERTIONS = NO;
				ENABLE_STRICT_OBJC_MSGSEND = YES;
				GCC_C_LANGUAGE_STANDARD = gnu11;
				GCC_NO_COMMON_BLOCKS = YES;
				GCC_WARN_64_TO_32_BIT_CONVERSION = YES;
				GCC_WARN_ABOUT_RETURN_TYPE = YES_ERROR;
				GCC_WARN_UNDECLARED_SELECTOR = YES;
				GCC_WARN_UNINITIALIZED_AUTOS = YES_AGGRESSIVE;
				GCC_WARN_UNUSED_FUNCTION = YES;
				GCC_WARN_UNUSED_VARIABLE = YES;
				IPHONEOS_DEPLOYMENT_TARGET = 11.0;
				MTL_ENABLE_DEBUG_INFO = NO;
				SDKROOT = iphoneos;
				SWIFT_OPTIMIZATION_LEVEL = "-Owholemodule";
				VALIDATE_PRODUCT = YES;
			};
			name = Release;
		};
		8B33BD3E1FAEFE81002046F2 /* Debug */ = {
			isa = XCBuildConfiguration;
			buildSettings = {
				ASSETCATALOG_COMPILER_APPICON_NAME = AppIcon;
				CODE_SIGN_STYLE = Automatic;
				INFOPLIST_FILE = VPCollectionViewLayoutExample/Info.plist;
				LD_RUNPATH_SEARCH_PATHS = "$(inherited) @executable_path/Frameworks";
				PRODUCT_BUNDLE_IDENTIFIER = VPM.VPCollectionViewLayoutExample;
				PRODUCT_NAME = "$(TARGET_NAME)";
				SWIFT_VERSION = 4.0;
				TARGETED_DEVICE_FAMILY = "1,2";
			};
			name = Debug;
		};
		8B33BD3F1FAEFE81002046F2 /* Release */ = {
			isa = XCBuildConfiguration;
			buildSettings = {
				ASSETCATALOG_COMPILER_APPICON_NAME = AppIcon;
				CODE_SIGN_STYLE = Automatic;
				INFOPLIST_FILE = VPCollectionViewLayoutExample/Info.plist;
				LD_RUNPATH_SEARCH_PATHS = "$(inherited) @executable_path/Frameworks";
				PRODUCT_BUNDLE_IDENTIFIER = VPM.VPCollectionViewLayoutExample;
				PRODUCT_NAME = "$(TARGET_NAME)";
				SWIFT_VERSION = 4.0;
				TARGETED_DEVICE_FAMILY = "1,2";
			};
			name = Release;
		};
		8B33BD411FAEFE81002046F2 /* Debug */ = {
			isa = XCBuildConfiguration;
			buildSettings = {
				ALWAYS_EMBED_SWIFT_STANDARD_LIBRARIES = YES;
				BUNDLE_LOADER = "$(TEST_HOST)";
				CODE_SIGN_STYLE = Automatic;
				INFOPLIST_FILE = VPCollectionViewLayoutExampleTests/Info.plist;
				LD_RUNPATH_SEARCH_PATHS = "$(inherited) @executable_path/Frameworks @loader_path/Frameworks";
				PRODUCT_BUNDLE_IDENTIFIER = VPM.VPCollectionViewLayoutExampleTests;
				PRODUCT_NAME = "$(TARGET_NAME)";
				SWIFT_VERSION = 4.0;
				TARGETED_DEVICE_FAMILY = "1,2";
				TEST_HOST = "$(BUILT_PRODUCTS_DIR)/VPCollectionViewLayoutExample.app/VPCollectionViewLayoutExample";
			};
			name = Debug;
		};
		8B33BD421FAEFE81002046F2 /* Release */ = {
			isa = XCBuildConfiguration;
			buildSettings = {
				ALWAYS_EMBED_SWIFT_STANDARD_LIBRARIES = YES;
				BUNDLE_LOADER = "$(TEST_HOST)";
				CODE_SIGN_STYLE = Automatic;
				INFOPLIST_FILE = VPCollectionViewLayoutExampleTests/Info.plist;
				LD_RUNPATH_SEARCH_PATHS = "$(inherited) @executable_path/Frameworks @loader_path/Frameworks";
				PRODUCT_BUNDLE_IDENTIFIER = VPM.VPCollectionViewLayoutExampleTests;
				PRODUCT_NAME = "$(TARGET_NAME)";
				SWIFT_VERSION = 4.0;
				TARGETED_DEVICE_FAMILY = "1,2";
				TEST_HOST = "$(BUILT_PRODUCTS_DIR)/VPCollectionViewLayoutExample.app/VPCollectionViewLayoutExample";
			};
			name = Release;
		};
		8B33BD441FAEFE81002046F2 /* Debug */ = {
			isa = XCBuildConfiguration;
			buildSettings = {
				ALWAYS_EMBED_SWIFT_STANDARD_LIBRARIES = YES;
				CODE_SIGN_STYLE = Automatic;
				INFOPLIST_FILE = VPCollectionViewLayoutExampleUITests/Info.plist;
				LD_RUNPATH_SEARCH_PATHS = "$(inherited) @executable_path/Frameworks @loader_path/Frameworks";
				PRODUCT_BUNDLE_IDENTIFIER = VPM.VPCollectionViewLayoutExampleUITests;
				PRODUCT_NAME = "$(TARGET_NAME)";
				SWIFT_VERSION = 4.0;
				TARGETED_DEVICE_FAMILY = "1,2";
				TEST_TARGET_NAME = VPCollectionViewLayoutExample;
			};
			name = Debug;
		};
		8B33BD451FAEFE81002046F2 /* Release */ = {
			isa = XCBuildConfiguration;
			buildSettings = {
				ALWAYS_EMBED_SWIFT_STANDARD_LIBRARIES = YES;
				CODE_SIGN_STYLE = Automatic;
				INFOPLIST_FILE = VPCollectionViewLayoutExampleUITests/Info.plist;
				LD_RUNPATH_SEARCH_PATHS = "$(inherited) @executable_path/Frameworks @loader_path/Frameworks";
				PRODUCT_BUNDLE_IDENTIFIER = VPM.VPCollectionViewLayoutExampleUITests;
				PRODUCT_NAME = "$(TARGET_NAME)";
				SWIFT_VERSION = 4.0;
				TARGETED_DEVICE_FAMILY = "1,2";
				TEST_TARGET_NAME = VPCollectionViewLayoutExample;
			};
			name = Release;
		};
/* End XCBuildConfiguration section */

/* Begin XCConfigurationList section */
		8B33BD101FAEFE81002046F2 /* Build configuration list for PBXProject "VPCollectionViewLayoutExample" */ = {
			isa = XCConfigurationList;
			buildConfigurations = (
				8B33BD3B1FAEFE81002046F2 /* Debug */,
				8B33BD3C1FAEFE81002046F2 /* Release */,
			);
			defaultConfigurationIsVisible = 0;
			defaultConfigurationName = Release;
		};
		8B33BD3D1FAEFE81002046F2 /* Build configuration list for PBXNativeTarget "VPCollectionViewLayoutExample" */ = {
			isa = XCConfigurationList;
			buildConfigurations = (
				8B33BD3E1FAEFE81002046F2 /* Debug */,
				8B33BD3F1FAEFE81002046F2 /* Release */,
			);
			defaultConfigurationIsVisible = 0;
			defaultConfigurationName = Release;
		};
		8B33BD401FAEFE81002046F2 /* Build configuration list for PBXNativeTarget "VPCollectionViewLayoutExampleTests" */ = {
			isa = XCConfigurationList;
			buildConfigurations = (
				8B33BD411FAEFE81002046F2 /* Debug */,
				8B33BD421FAEFE81002046F2 /* Release */,
			);
			defaultConfigurationIsVisible = 0;
			defaultConfigurationName = Release;
		};
		8B33BD431FAEFE81002046F2 /* Build configuration list for PBXNativeTarget "VPCollectionViewLayoutExampleUITests" */ = {
			isa = XCConfigurationList;
			buildConfigurations = (
				8B33BD441FAEFE81002046F2 /* Debug */,
				8B33BD451FAEFE81002046F2 /* Release */,
			);
			defaultConfigurationIsVisible = 0;
			defaultConfigurationName = Release;
		};
/* End XCConfigurationList section */
	};
	rootObject = 8B33BD0D1FAEFE81002046F2 /* Project object */;
}
